
Microsoft Visual Studio Solution File, Format Version 12.00
# Visual Studio Version 17
VisualStudioVersion = 17.10.34902.84
MinimumVisualStudioVersion = 10.0.40219.1
Project("{FAE04EC0-301F-11D3-BF4B-00C04F79EFBC}") = "DotNet8.MiniBankingManagementSystem.Api", "DotNet8.MiniBankingManagementSystem.Api\DotNet8.MiniBankingManagementSystem.Api.csproj", "{66F4DF34-EF6F-4128-A0E9-605EBBAEC5B5}"
EndProject
Project("{FAE04EC0-301F-11D3-BF4B-00C04F79EFBC}") = "DotNet8.MiniBankingManagementSystem.DbService", "DotNet8.MiniBankingManagementSystem.DbService\DotNet8.MiniBankingManagementSystem.DbService.csproj", "{B00997A4-D810-43D2-AC37-0B0D8F96DFF2}"
EndProject
Project("{FAE04EC0-301F-11D3-BF4B-00C04F79EFBC}") = "DotNet8.MiniBankingManagementSystem.Models", "DotNet8.MiniBankingManagementSystem.Models\DotNet8.MiniBankingManagementSystem.Models.csproj", "{74608756-B195-4D3C-AE28-107F774ACA95}"
EndProject
Global
	GlobalSection(SolutionConfigurationPlatforms) = preSolution
		Debug|Any CPU = Debug|Any CPU
		Release|Any CPU = Release|Any CPU
	EndGlobalSection
	GlobalSection(ProjectConfigurationPlatforms) = postSolution
		{66F4DF34-EF6F-4128-A0E9-605EBBAEC5B5}.Debug|Any CPU.ActiveCfg = Debug|Any CPU
		{66F4DF34-EF6F-4128-A0E9-605EBBAEC5B5}.Debug|Any CPU.Build.0 = Debug|Any CPU
		{66F4DF34-EF6F-4128-A0E9-605EBBAEC5B5}.Release|Any CPU.ActiveCfg = Release|Any CPU
		{66F4DF34-EF6F-4128-A0E9-605EBBAEC5B5}.Release|Any CPU.Build.0 = Release|Any CPU
		{B00997A4-D810-43D2-AC37-0B0D8F96DFF2}.Debug|Any CPU.ActiveCfg = Debug|Any CPU
		{B00997A4-D810-43D2-AC37-0B0D8F96DFF2}.Debug|Any CPU.Build.0 = Debug|Any CPU
		{B00997A4-D810-43D2-AC37-0B0D8F96DFF2}.Release|Any CPU.ActiveCfg = Release|Any CPU
		{B00997A4-D810-43D2-AC37-0B0D8F96DFF2}.Release|Any CPU.Build.0 = Release|Any CPU
		{74608756-B195-4D3C-AE28-107F774ACA95}.Debug|Any CPU.ActiveCfg = Debug|Any CPU
		{74608756-B195-4D3C-AE28-107F774ACA95}.Debug|Any CPU.Build.0 = Debug|Any CPU
		{74608756-B195-4D3C-AE28-107F774ACA95}.Release|Any CPU.ActiveCfg = Release|Any CPU
		{74608756-B195-4D3C-AE28-107F774ACA95}.Release|Any CPU.Build.0 = Release|Any CPU
	EndGlobalSection
	GlobalSection(SolutionProperties) = preSolution
		HideSolutionNode = FALSE
	EndGlobalSection
	GlobalSection(ExtensibilityGlobals) = postSolution
		SolutionGuid = {C7265CDB-6041-4D20-9173-DC05417FFD97}
	EndGlobalSection
EndGlobal
